
Microsoft Visual Studio Solution File, Format Version 12.00
# Visual Studio Version 17
VisualStudioVersion = 17.5.002.0
MinimumVisualStudioVersion = 10.0.40219.1
Project("{2150E333-8FDC-42A3-9474-1A3956D46DE8}") = "csharp-prep", "csharp-prep", "{5C70300A-F860-4C50-8DD3-17E1024B6B89}"
EndProject
Project("{9A19103F-16F7-4668-BE54-9A1E7A4F7556}") = "Prep1", "csharp-prep\Prep1\Prep1.csproj", "{79F9667C-B1FC-4993-8A7A-34B278A02779}"
EndProject
Project("{9A19103F-16F7-4668-BE54-9A1E7A4F7556}") = "Prep2", "csharp-prep\Prep2\Prep2.csproj", "{9EF536B1-1EF6-4432-89F8-79DB48769E44}"
EndProject
Project("{9A19103F-16F7-4668-BE54-9A1E7A4F7556}") = "Prep3", "csharp-prep\Prep3\Prep3.csproj", "{B9798930-E77B-4C5B-A334-93B9E5723B2B}"
EndProject
Project("{9A19103F-16F7-4668-BE54-9A1E7A4F7556}") = "Prep4", "csharp-prep\Prep4\Prep4.csproj", "{61CA2385-47BF-4699-8D2F-B5C74D6053FC}"
EndProject
Project("{9A19103F-16F7-4668-BE54-9A1E7A4F7556}") = "Prep5", "csharp-prep\Prep5\Prep5.csproj", "{5F85AE8E-02F4-4755-9884-DFF918D6FFA5}"
EndProject
Project("{2150E333-8FDC-42A3-9474-1A3956D46DE8}") = "final", "final", "{6B7D3402-4323-4A18-BBE7-7F709DE1095B}"
EndProject
Project("{9A19103F-16F7-4668-BE54-9A1E7A4F7556}") = "FinalProject", "final\FinalProject\FinalProject.csproj", "{BA50AC29-3C7D-47F2-9090-DC9F3CAD80A6}"
EndProject
Project("{9A19103F-16F7-4668-BE54-9A1E7A4F7556}") = "Foundation1", "final\Foundation1\Foundation1.csproj", "{48834906-BE22-4E3E-8F5A-73A654E0A96B}"
EndProject
Project("{9A19103F-16F7-4668-BE54-9A1E7A4F7556}") = "Foundation2", "final\Foundation2\Foundation2.csproj", "{9FEC1062-815C-47F0-8C13-F04B665CE3B2}"
EndProject
Project("{9A19103F-16F7-4668-BE54-9A1E7A4F7556}") = "Foundation3", "final\Foundation3\Foundation3.csproj", "{1ECD5D16-15E5-4316-8B9B-D51B9E167852}"
EndProject
Project("{9A19103F-16F7-4668-BE54-9A1E7A4F7556}") = "Foundation4", "final\Foundation4\Foundation4.csproj", "{BA4545D1-0A9D-4BB8-9805-472DE31FD4D8}"
EndProject
Project("{2150E333-8FDC-42A3-9474-1A3956D46DE8}") = "prepare", "prepare", "{AB009067-F158-48EB-809E-B25D448CCB00}"
EndProject
Project("{9A19103F-16F7-4668-BE54-9A1E7A4F7556}") = "Learning02", "prepare\Learning02\Learning02.csproj", "{7E5CA1DA-ACA3-4028-B70E-8C7A074E8D93}"
EndProject
Project("{9A19103F-16F7-4668-BE54-9A1E7A4F7556}") = "Learning03", "prepare\Learning03\Learning03.csproj", "{8A922EF8-9EDE-41EE-B92F-A6039D1AE510}"
EndProject
Project("{9A19103F-16F7-4668-BE54-9A1E7A4F7556}") = "Learning04", "prepare\Learning04\Learning04.csproj", "{DCF918D0-0668-4481-BD10-48A2F5335EB5}"
EndProject
Project("{9A19103F-16F7-4668-BE54-9A1E7A4F7556}") = "Learning05", "prepare\Learning05\Learning05.csproj", "{85D79A4B-9410-47AA-9D76-F812DD1E3DFA}"
EndProject
Project("{2150E333-8FDC-42A3-9474-1A3956D46DE8}") = "prove", "prove", "{0A05C7DD-5E80-47FD-8CE9-361D693CA311}"
EndProject
Project("{9A19103F-16F7-4668-BE54-9A1E7A4F7556}") = "Develop02", "prove\Develop02\Develop02.csproj", "{FF9083B7-9C4D-41A8-B5D0-766AF5D29534}"
EndProject
Project("{9A19103F-16F7-4668-BE54-9A1E7A4F7556}") = "Develop03", "prove\Develop03\Develop03.csproj", "{129019FC-6FF1-467A-B87C-27BC96614142}"
EndProject
Project("{9A19103F-16F7-4668-BE54-9A1E7A4F7556}") = "Develop04", "prove\Develop04\Develop04.csproj", "{2DF1AE6D-3480-4EC4-B2F8-96ADB5345727}"
EndProject
Project("{9A19103F-16F7-4668-BE54-9A1E7A4F7556}") = "Develop05", "prove\Develop05\Develop05.csproj", "{648B70C6-3B41-4087-A604-158F2FC9B1E7}"
EndProject
Project("{2150E333-8FDC-42A3-9474-1A3956D46DE8}") = "sandbox", "sandbox", "{5884E2D3-38DA-44A9-B891-142238F54C68}"
EndProject
Project("{9A19103F-16F7-4668-BE54-9A1E7A4F7556}") = "Sandbox", "sandbox\Sandbox\Sandbox.csproj", "{1A768038-6FCA-4169-970C-CCE59D29B220}"
EndProject
Global
	GlobalSection(SolutionConfigurationPlatforms) = preSolution
		Debug|Any CPU = Debug|Any CPU
		Release|Any CPU = Release|Any CPU
	EndGlobalSection
	GlobalSection(ProjectConfigurationPlatforms) = postSolution
		{79F9667C-B1FC-4993-8A7A-34B278A02779}.Debug|Any CPU.ActiveCfg = Debug|Any CPU
		{79F9667C-B1FC-4993-8A7A-34B278A02779}.Debug|Any CPU.Build.0 = Debug|Any CPU
		{79F9667C-B1FC-4993-8A7A-34B278A02779}.Release|Any CPU.ActiveCfg = Release|Any CPU
		{79F9667C-B1FC-4993-8A7A-34B278A02779}.Release|Any CPU.Build.0 = Release|Any CPU
		{9EF536B1-1EF6-4432-89F8-79DB48769E44}.Debug|Any CPU.ActiveCfg = Debug|Any CPU
		{9EF536B1-1EF6-4432-89F8-79DB48769E44}.Debug|Any CPU.Build.0 = Debug|Any CPU
		{9EF536B1-1EF6-4432-89F8-79DB48769E44}.Release|Any CPU.ActiveCfg = Release|Any CPU
		{9EF536B1-1EF6-4432-89F8-79DB48769E44}.Release|Any CPU.Build.0 = Release|Any CPU
		{B9798930-E77B-4C5B-A334-93B9E5723B2B}.Debug|Any CPU.ActiveCfg = Debug|Any CPU
		{B9798930-E77B-4C5B-A334-93B9E5723B2B}.Debug|Any CPU.Build.0 = Debug|Any CPU
		{B9798930-E77B-4C5B-A334-93B9E5723B2B}.Release|Any CPU.ActiveCfg = Release|Any CPU
		{B9798930-E77B-4C5B-A334-93B9E5723B2B}.Release|Any CPU.Build.0 = Release|Any CPU
		{61CA2385-47BF-4699-8D2F-B5C74D6053FC}.Debug|Any CPU.ActiveCfg = Debug|Any CPU
		{61CA2385-47BF-4699-8D2F-B5C74D6053FC}.Debug|Any CPU.Build.0 = Debug|Any CPU
		{61CA2385-47BF-4699-8D2F-B5C74D6053FC}.Release|Any CPU.ActiveCfg = Release|Any CPU
		{61CA2385-47BF-4699-8D2F-B5C74D6053FC}.Release|Any CPU.Build.0 = Release|Any CPU
		{5F85AE8E-02F4-4755-9884-DFF918D6FFA5}.Debug|Any CPU.ActiveCfg = Debug|Any CPU
		{5F85AE8E-02F4-4755-9884-DFF918D6FFA5}.Debug|Any CPU.Build.0 = Debug|Any CPU
		{5F85AE8E-02F4-4755-9884-DFF918D6FFA5}.Release|Any CPU.ActiveCfg = Release|Any CPU
		{5F85AE8E-02F4-4755-9884-DFF918D6FFA5}.Release|Any CPU.Build.0 = Release|Any CPU
		{BA50AC29-3C7D-47F2-9090-DC9F3CAD80A6}.Debug|Any CPU.ActiveCfg = Debug|Any CPU
		{BA50AC29-3C7D-47F2-9090-DC9F3CAD80A6}.Debug|Any CPU.Build.0 = Debug|Any CPU
		{BA50AC29-3C7D-47F2-9090-DC9F3CAD80A6}.Release|Any CPU.ActiveCfg = Release|Any CPU
		{BA50AC29-3C7D-47F2-9090-DC9F3CAD80A6}.Release|Any CPU.Build.0 = Release|Any CPU
		{48834906-BE22-4E3E-8F5A-73A654E0A96B}.Debug|Any CPU.ActiveCfg = Debug|Any CPU
		{48834906-BE22-4E3E-8F5A-73A654E0A96B}.Debug|Any CPU.Build.0 = Debug|Any CPU
		{48834906-BE22-4E3E-8F5A-73A654E0A96B}.Release|Any CPU.ActiveCfg = Release|Any CPU
		{48834906-BE22-4E3E-8F5A-73A654E0A96B}.Release|Any CPU.Build.0 = Release|Any CPU
		{9FEC1062-815C-47F0-8C13-F04B665CE3B2}.Debug|Any CPU.ActiveCfg = Debug|Any CPU
		{9FEC1062-815C-47F0-8C13-F04B665CE3B2}.Debug|Any CPU.Build.0 = Debug|Any CPU
		{9FEC1062-815C-47F0-8C13-F04B665CE3B2}.Release|Any CPU.ActiveCfg = Release|Any CPU
		{9FEC1062-815C-47F0-8C13-F04B665CE3B2}.Release|Any CPU.Build.0 = Release|Any CPU
		{1ECD5D16-15E5-4316-8B9B-D51B9E167852}.Debug|Any CPU.ActiveCfg = Debug|Any CPU
		{1ECD5D16-15E5-4316-8B9B-D51B9E167852}.Debug|Any CPU.Build.0 = Debug|Any CPU
		{1ECD5D16-15E5-4316-8B9B-D51B9E167852}.Release|Any CPU.ActiveCfg = Release|Any CPU
		{1ECD5D16-15E5-4316-8B9B-D51B9E167852}.Release|Any CPU.Build.0 = Release|Any CPU
		{BA4545D1-0A9D-4BB8-9805-472DE31FD4D8}.Debug|Any CPU.ActiveCfg = Debug|Any CPU
		{BA4545D1-0A9D-4BB8-9805-472DE31FD4D8}.Debug|Any CPU.Build.0 = Debug|Any CPU
		{BA4545D1-0A9D-4BB8-9805-472DE31FD4D8}.Release|Any CPU.ActiveCfg = Release|Any CPU
		{BA4545D1-0A9D-4BB8-9805-472DE31FD4D8}.Release|Any CPU.Build.0 = Release|Any CPU
		{7E5CA1DA-ACA3-4028-B70E-8C7A074E8D93}.Debug|Any CPU.ActiveCfg = Debug|Any CPU
		{7E5CA1DA-ACA3-4028-B70E-8C7A074E8D93}.Debug|Any CPU.Build.0 = Debug|Any CPU
		{7E5CA1DA-ACA3-4028-B70E-8C7A074E8D93}.Release|Any CPU.ActiveCfg = Release|Any CPU
		{7E5CA1DA-ACA3-4028-B70E-8C7A074E8D93}.Release|Any CPU.Build.0 = Release|Any CPU
		{8A922EF8-9EDE-41EE-B92F-A6039D1AE510}.Debug|Any CPU.ActiveCfg = Debug|Any CPU
		{8A922EF8-9EDE-41EE-B92F-A6039D1AE510}.Debug|Any CPU.Build.0 = Debug|Any CPU
		{8A922EF8-9EDE-41EE-B92F-A6039D1AE510}.Release|Any CPU.ActiveCfg = Release|Any CPU
		{8A922EF8-9EDE-41EE-B92F-A6039D1AE510}.Release|Any CPU.Build.0 = Release|Any CPU
		{DCF918D0-0668-4481-BD10-48A2F5335EB5}.Debug|Any CPU.ActiveCfg = Debug|Any CPU
		{DCF918D0-0668-4481-BD10-48A2F5335EB5}.Debug|Any CPU.Build.0 = Debug|Any CPU
		{DCF918D0-0668-4481-BD10-48A2F5335EB5}.Release|Any CPU.ActiveCfg = Release|Any CPU
		{DCF918D0-0668-4481-BD10-48A2F5335EB5}.Release|Any CPU.Build.0 = Release|Any CPU
		{85D79A4B-9410-47AA-9D76-F812DD1E3DFA}.Debug|Any CPU.ActiveCfg = Debug|Any CPU
		{85D79A4B-9410-47AA-9D76-F812DD1E3DFA}.Debug|Any CPU.Build.0 = Debug|Any CPU
		{85D79A4B-9410-47AA-9D76-F812DD1E3DFA}.Release|Any CPU.ActiveCfg = Release|Any CPU
		{85D79A4B-9410-47AA-9D76-F812DD1E3DFA}.Release|Any CPU.Build.0 = Release|Any CPU
		{FF9083B7-9C4D-41A8-B5D0-766AF5D29534}.Debug|Any CPU.ActiveCfg = Debug|Any CPU
		{FF9083B7-9C4D-41A8-B5D0-766AF5D29534}.Debug|Any CPU.Build.0 = Debug|Any CPU
		{FF9083B7-9C4D-41A8-B5D0-766AF5D29534}.Release|Any CPU.ActiveCfg = Release|Any CPU
		{FF9083B7-9C4D-41A8-B5D0-766AF5D29534}.Release|Any CPU.Build.0 = Release|Any CPU
		{129019FC-6FF1-467A-B87C-27BC96614142}.Debug|Any CPU.ActiveCfg = Debug|Any CPU
		{129019FC-6FF1-467A-B87C-27BC96614142}.Debug|Any CPU.Build.0 = Debug|Any CPU
		{129019FC-6FF1-467A-B87C-27BC96614142}.Release|Any CPU.ActiveCfg = Release|Any CPU
		{129019FC-6FF1-467A-B87C-27BC96614142}.Release|Any CPU.Build.0 = Release|Any CPU
		{2DF1AE6D-3480-4EC4-B2F8-96ADB5345727}.Debug|Any CPU.ActiveCfg = Debug|Any CPU
		{2DF1AE6D-3480-4EC4-B2F8-96ADB5345727}.Debug|Any CPU.Build.0 = Debug|Any CPU
		{2DF1AE6D-3480-4EC4-B2F8-96ADB5345727}.Release|Any CPU.ActiveCfg = Release|Any CPU
		{2DF1AE6D-3480-4EC4-B2F8-96ADB5345727}.Release|Any CPU.Build.0 = Release|Any CPU
		{648B70C6-3B41-4087-A604-158F2FC9B1E7}.Debug|Any CPU.ActiveCfg = Debug|Any CPU
		{648B70C6-3B41-4087-A604-158F2FC9B1E7}.Debug|Any CPU.Build.0 = Debug|Any CPU
		{648B70C6-3B41-4087-A604-158F2FC9B1E7}.Release|Any CPU.ActiveCfg = Release|Any CPU
		{648B70C6-3B41-4087-A604-158F2FC9B1E7}.Release|Any CPU.Build.0 = Release|Any CPU
		{1A768038-6FCA-4169-970C-CCE59D29B220}.Debug|Any CPU.ActiveCfg = Debug|Any CPU
		{1A768038-6FCA-4169-970C-CCE59D29B220}.Debug|Any CPU.Build.0 = Debug|Any CPU
		{1A768038-6FCA-4169-970C-CCE59D29B220}.Release|Any CPU.ActiveCfg = Release|Any CPU
		{1A768038-6FCA-4169-970C-CCE59D29B220}.Release|Any CPU.Build.0 = Release|Any CPU
	EndGlobalSection
	GlobalSection(SolutionProperties) = preSolution
		HideSolutionNode = FALSE
	EndGlobalSection
	GlobalSection(NestedProjects) = preSolution
		{79F9667C-B1FC-4993-8A7A-34B278A02779} = {5C70300A-F860-4C50-8DD3-17E1024B6B89}
		{9EF536B1-1EF6-4432-89F8-79DB48769E44} = {5C70300A-F860-4C50-8DD3-17E1024B6B89}
		{B9798930-E77B-4C5B-A334-93B9E5723B2B} = {5C70300A-F860-4C50-8DD3-17E1024B6B89}
		{61CA2385-47BF-4699-8D2F-B5C74D6053FC} = {5C70300A-F860-4C50-8DD3-17E1024B6B89}
		{5F85AE8E-02F4-4755-9884-DFF918D6FFA5} = {5C70300A-F860-4C50-8DD3-17E1024B6B89}
		{BA50AC29-3C7D-47F2-9090-DC9F3CAD80A6} = {6B7D3402-4323-4A18-BBE7-7F709DE1095B}
		{48834906-BE22-4E3E-8F5A-73A654E0A96B} = {6B7D3402-4323-4A18-BBE7-7F709DE1095B}
		{9FEC1062-815C-47F0-8C13-F04B665CE3B2} = {6B7D3402-4323-4A18-BBE7-7F709DE1095B}
		{1ECD5D16-15E5-4316-8B9B-D51B9E167852} = {6B7D3402-4323-4A18-BBE7-7F709DE1095B}
		{BA4545D1-0A9D-4BB8-9805-472DE31FD4D8} = {6B7D3402-4323-4A18-BBE7-7F709DE1095B}
		{7E5CA1DA-ACA3-4028-B70E-8C7A074E8D93} = {AB009067-F158-48EB-809E-B25D448CCB00}
		{8A922EF8-9EDE-41EE-B92F-A6039D1AE510} = {AB009067-F158-48EB-809E-B25D448CCB00}
		{DCF918D0-0668-4481-BD10-48A2F5335EB5} = {AB009067-F158-48EB-809E-B25D448CCB00}
		{85D79A4B-9410-47AA-9D76-F812DD1E3DFA} = {AB009067-F158-48EB-809E-B25D448CCB00}
		{FF9083B7-9C4D-41A8-B5D0-766AF5D29534} = {0A05C7DD-5E80-47FD-8CE9-361D693CA311}
		{129019FC-6FF1-467A-B87C-27BC96614142} = {0A05C7DD-5E80-47FD-8CE9-361D693CA311}
		{2DF1AE6D-3480-4EC4-B2F8-96ADB5345727} = {0A05C7DD-5E80-47FD-8CE9-361D693CA311}
		{648B70C6-3B41-4087-A604-158F2FC9B1E7} = {0A05C7DD-5E80-47FD-8CE9-361D693CA311}
		{1A768038-6FCA-4169-970C-CCE59D29B220} = {5884E2D3-38DA-44A9-B891-142238F54C68}
	EndGlobalSection
	GlobalSection(ExtensibilityGlobals) = postSolution
		SolutionGuid = {1045CA4A-ADCF-4977-8020-C139ADD61281}
	EndGlobalSection
EndGlobal
